
Microsoft Visual Studio Solution File, Format Version 12.00
# Visual Studio 15
VisualStudioVersion = 15.0.26430.6
MinimumVisualStudioVersion = 10.0.40219.1
Project("{FAE04EC0-301F-11D3-BF4B-00C04F79EFBC}") = "BeerShop.Api", "BeerShop.Api\BeerShop.Api.csproj", "{EAF02B4B-D0D1-46A4-93E7-BC536595105B}"
EndProject
Project("{FAE04EC0-301F-11D3-BF4B-00C04F79EFBC}") = "BeerShop.Api.Tests", "BeerShop.Api.Tests\BeerShop.Api.Tests.csproj", "{AECC699C-1AE5-4EBB-B840-7D2BCF3E8F43}"
EndProject
Project("{FAE04EC0-301F-11D3-BF4B-00C04F79EFBC}") = "BeerShop.DataStore", "BeerShop.DataStore\BeerShop.DataStore.csproj", "{3F21386E-1570-4091-9620-E3537CD8776D}"
EndProject
Project("{2150E333-8FDC-42A3-9474-1A3956D46DE8}") = "Tests", "Tests", "{C3E1CCD2-3DCA-4004-98E9-09D5545FC037}"
EndProject
Project("{FAE04EC0-301F-11D3-BF4B-00C04F79EFBC}") = "BeerShop.Logging", "BeerShop.Logging\BeerShop.Logging.csproj", "{10C83AC6-FA0B-418A-A2DB-AC2EB01526A7}"
EndProject
Global
	GlobalSection(SolutionConfigurationPlatforms) = preSolution
		Debug|Any CPU = Debug|Any CPU
		Release|Any CPU = Release|Any CPU
	EndGlobalSection
	GlobalSection(ProjectConfigurationPlatforms) = postSolution
		{EAF02B4B-D0D1-46A4-93E7-BC536595105B}.Debug|Any CPU.ActiveCfg = Debug|Any CPU
		{EAF02B4B-D0D1-46A4-93E7-BC536595105B}.Debug|Any CPU.Build.0 = Debug|Any CPU
		{EAF02B4B-D0D1-46A4-93E7-BC536595105B}.Release|Any CPU.ActiveCfg = Release|Any CPU
		{EAF02B4B-D0D1-46A4-93E7-BC536595105B}.Release|Any CPU.Build.0 = Release|Any CPU
		{AECC699C-1AE5-4EBB-B840-7D2BCF3E8F43}.Debug|Any CPU.ActiveCfg = Debug|Any CPU
		{AECC699C-1AE5-4EBB-B840-7D2BCF3E8F43}.Debug|Any CPU.Build.0 = Debug|Any CPU
		{AECC699C-1AE5-4EBB-B840-7D2BCF3E8F43}.Release|Any CPU.ActiveCfg = Release|Any CPU
		{AECC699C-1AE5-4EBB-B840-7D2BCF3E8F43}.Release|Any CPU.Build.0 = Release|Any CPU
		{3F21386E-1570-4091-9620-E3537CD8776D}.Debug|Any CPU.ActiveCfg = Debug|Any CPU
		{3F21386E-1570-4091-9620-E3537CD8776D}.Debug|Any CPU.Build.0 = Debug|Any CPU
		{3F21386E-1570-4091-9620-E3537CD8776D}.Release|Any CPU.ActiveCfg = Release|Any CPU
		{3F21386E-1570-4091-9620-E3537CD8776D}.Release|Any CPU.Build.0 = Release|Any CPU
		{10C83AC6-FA0B-418A-A2DB-AC2EB01526A7}.Debug|Any CPU.ActiveCfg = Debug|Any CPU
		{10C83AC6-FA0B-418A-A2DB-AC2EB01526A7}.Debug|Any CPU.Build.0 = Debug|Any CPU
		{10C83AC6-FA0B-418A-A2DB-AC2EB01526A7}.Release|Any CPU.ActiveCfg = Release|Any CPU
		{10C83AC6-FA0B-418A-A2DB-AC2EB01526A7}.Release|Any CPU.Build.0 = Release|Any CPU
	EndGlobalSection
	GlobalSection(SolutionProperties) = preSolution
		HideSolutionNode = FALSE
	EndGlobalSection
	GlobalSection(NestedProjects) = preSolution
		{AECC699C-1AE5-4EBB-B840-7D2BCF3E8F43} = {C3E1CCD2-3DCA-4004-98E9-09D5545FC037}
	EndGlobalSection
EndGlobal
